// !$*UTF8*$!
{
	archiveVersion = 1;
	classes = {
	};
	objectVersion = 46;
	objects = {

/* Begin PBXBuildFile section */
		A4F757881A5AC7E500D2F492 /* WalkPlugIn.m in Sources */ = {isa = PBXBuildFile; fileRef = A4F757871A5AC7E500D2F492 /* WalkPlugIn.m */; };
/* End PBXBuildFile section */

/* Begin PBXFileReference section */
		A4F757811A5AC7E500D2F492 /* Walk.plugin */ = {isa = PBXFileReference; explicitFileType = wrapper.cfbundle; includeInIndex = 0; path = Walk.plugin; sourceTree = BUILT_PRODUCTS_DIR; };
		A4F757851A5AC7E500D2F492 /* Info.plist */ = {isa = PBXFileReference; lastKnownFileType = text.plist.xml; path = Info.plist; sourceTree = "<group>"; };
		A4F757861A5AC7E500D2F492 /* WalkPlugIn.h */ = {isa = PBXFileReference; lastKnownFileType = sourcecode.c.h; path = WalkPlugIn.h; sourceTree = "<group>"; };
		A4F757871A5AC7E500D2F492 /* WalkPlugIn.m */ = {isa = PBXFileReference; lastKnownFileType = sourcecode.c.objc; path = WalkPlugIn.m; sourceTree = "<group>"; };
/* End PBXFileReference section */

/* Begin PBXFrameworksBuildPhase section */
		A4F7577D1A5AC7E500D2F492 /* Frameworks */ = {
			isa = PBXFrameworksBuildPhase;
			buildActionMask = 2147483647;
			files = (
			);
			runOnlyForDeploymentPostprocessing = 0;
		};
/* End PBXFrameworksBuildPhase section */

/* Begin PBXGroup section */
		A4F757771A5AC7E500D2F492 = {
			isa = PBXGroup;
			children = (
				A4F757831A5AC7E500D2F492 /* Walk */,
				A4F757821A5AC7E500D2F492 /* Products */,
			);
			sourceTree = "<group>";
		};
		A4F757821A5AC7E500D2F492 /* Products */ = {
			isa = PBXGroup;
			children = (
				A4F757811A5AC7E500D2F492 /* Walk.plugin */,
			);
			name = Products;
			sourceTree = "<group>";
		};
		A4F757831A5AC7E500D2F492 /* Walk */ = {
			isa = PBXGroup;
			children = (
				A4F757861A5AC7E500D2F492 /* WalkPlugIn.h */,
				A4F757871A5AC7E500D2F492 /* WalkPlugIn.m */,
				A4F757841A5AC7E500D2F492 /* Supporting Files */,
			);
			path = Walk;
			sourceTree = "<group>";
		};
		A4F757841A5AC7E500D2F492 /* Supporting Files */ = {
			isa = PBXGroup;
			children = (
				A4F757851A5AC7E500D2F492 /* Info.plist */,
			);
			name = "Supporting Files";
			sourceTree = "<group>";
		};
/* End PBXGroup section */

/* Begin PBXNativeTarget section */
		A4F757801A5AC7E500D2F492 /* Walk */ = {
			isa = PBXNativeTarget;
			buildConfigurationList = A4F7578B1A5AC7E500D2F492 /* Build configuration list for PBXNativeTarget "Walk" */;
			buildPhases = (
				A4F7577C1A5AC7E500D2F492 /* Sources */,
				A4F7577D1A5AC7E500D2F492 /* Frameworks */,
				A4F7577E1A5AC7E500D2F492 /* Resources */,
				A4F7577F1A5AC7E500D2F492 /* ShellScript */,
			);
			buildRules = (
			);
			dependencies = (
			);
			name = Walk;
			productName = Walk;
			productReference = A4F757811A5AC7E500D2F492 /* Walk.plugin */;
			productType = "com.apple.product-type.bundle";
		};
/* End PBXNativeTarget section */

/* Begin PBXProject section */
		A4F757781A5AC7E500D2F492 /* Project object */ = {
			isa = PBXProject;
			attributes = {
				LastUpgradeCheck = 0610;
				ORGANIZATIONNAME = "Koichi MATSUMOTO";
				TargetAttributes = {
					A4F757801A5AC7E500D2F492 = {
						CreatedOnToolsVersion = 6.1.1;
					};
				};
			};
			buildConfigurationList = A4F7577B1A5AC7E500D2F492 /* Build configuration list for PBXProject "Walk" */;
			compatibilityVersion = "Xcode 3.2";
			developmentRegion = English;
			hasScannedForEncodings = 0;
			knownRegions = (
				en,
			);
			mainGroup = A4F757771A5AC7E500D2F492;
			productRefGroup = A4F757821A5AC7E500D2F492 /* Products */;
			projectDirPath = "";
			projectRoot = "";
			targets = (
				A4F757801A5AC7E500D2F492 /* Walk */,
			);
		};
/* End PBXProject section */

/* Begin PBXResourcesBuildPhase section */
		A4F7577E1A5AC7E500D2F492 /* Resources */ = {
			isa = PBXResourcesBuildPhase;
			buildActionMask = 2147483647;
			files = (
			);
			runOnlyForDeploymentPostprocessing = 0;
		};
/* End PBXResourcesBuildPhase section */

/* Begin PBXShellScriptBuildPhase section */
		A4F7577F1A5AC7E500D2F492 /* ShellScript */ = {
			isa = PBXShellScriptBuildPhase;
			buildActionMask = 2147483647;
			files = (
			);
			inputPaths = (
			);
			outputPaths = (
			);
			runOnlyForDeploymentPostprocessing = 0;
			shellPath = /bin/sh;
			shellScript = "# This shell script simply copies the built plug-in to \"~/Library/Graphics/Quartz Composer Plug-Ins\" and overrides any previous version at that location\n\nmkdir -p \"$USER_LIBRARY_DIR/Graphics/Quartz Composer Plug-Ins\"\nrm -rf \"$USER_LIBRARY_DIR/Graphics/Quartz Composer Plug-Ins/Walk.plugin\"\ncp -rf \"$BUILT_PRODUCTS_DIR/Walk.plugin\" \"$USER_LIBRARY_DIR/Graphics/Quartz Composer Plug-Ins/\"\n";
		};
/* End PBXShellScriptBuildPhase section */

/* Begin PBXSourcesBuildPhase section */
		A4F7577C1A5AC7E500D2F492 /* Sources */ = {
			isa = PBXSourcesBuildPhase;
			buildActionMask = 2147483647;
			files = (
				A4F757881A5AC7E500D2F492 /* WalkPlugIn.m in Sources */,
			);
			runOnlyForDeploymentPostprocessing = 0;
		};
/* End PBXSourcesBuildPhase section */

/* Begin XCBuildConfiguration section */
		A4F757891A5AC7E500D2F492 /* Debug */ = {
			isa = XCBuildConfiguration;
			buildSettings = {
				ALWAYS_SEARCH_USER_PATHS = NO;
				CLANG_CXX_LANGUAGE_STANDARD = "gnu++0x";
				CLANG_CXX_LIBRARY = "libc++";
				CLANG_ENABLE_MODULES = YES;
				CLANG_ENABLE_OBJC_ARC = YES;
				CLANG_WARN_BOOL_CONVERSION = YES;
				CLANG_WARN_CONSTANT_CONVERSION = YES;
				CLANG_WARN_DIRECT_OBJC_ISA_USAGE = YES_ERROR;
				CLANG_WARN_EMPTY_BODY = YES;
				CLANG_WARN_ENUM_CONVERSION = YES;
				CLANG_WARN_INT_CONVERSION = YES;
				CLANG_WARN_OBJC_ROOT_CLASS = YES_ERROR;
				CLANG_WARN_UNREACHABLE_CODE = YES;
				CLANG_WARN__DUPLICATE_METHOD_MATCH = YES;
				COPY_PHASE_STRIP = NO;
				ENABLE_STRICT_OBJC_MSGSEND = YES;
				GCC_C_LANGUAGE_STANDARD = gnu99;
				GCC_DYNAMIC_NO_PIC = NO;
				GCC_OPTIMIZATION_LEVEL = 0;
				GCC_PREPROCESSOR_DEFINITIONS = (
					"DEBUG=1",
					"$(inherited)",
				);
				GCC_SYMBOLS_PRIVATE_EXTERN = NO;
				GCC_WARN_64_TO_32_BIT_CONVERSION = YES;
				GCC_WARN_ABOUT_RETURN_TYPE = YES_ERROR;
				GCC_WARN_UNDECLARED_SELECTOR = YES;
				GCC_WARN_UNINITIALIZED_AUTOS = YES_AGGRESSIVE;
				GCC_WARN_UNUSED_FUNCTION = YES;
				GCC_WARN_UNUSED_VARIABLE = YES;
				MACOSX_DEPLOYMENT_TARGET = 10.10;
				MTL_ENABLE_DEBUG_INFO = YES;
				ONLY_ACTIVE_ARCH = YES;
				SDKROOT = macosx;
			};
			name = Debug;
		};
		A4F7578A1A5AC7E500D2F492 /* Release */ = {
			isa = XCBuildConfiguration;
			buildSettings = {
				ALWAYS_SEARCH_USER_PATHS = NO;
				CLANG_CXX_LANGUAGE_STANDARD = "gnu++0x";
				CLANG_CXX_LIBRARY = "libc++";
				CLANG_ENABLE_MODULES = YES;
				CLANG_ENABLE_OBJC_ARC = YES;
				CLANG_WARN_BOOL_CONVERSION = YES;
				CLANG_WARN_CONSTANT_CONVERSION = YES;
				CLANG_WARN_DIRECT_OBJC_ISA_USAGE = YES_ERROR;
				CLANG_WARN_EMPTY_BODY = YES;
				CLANG_WARN_ENUM_CONVERSION = YES;
				CLANG_WARN_INT_CONVERSION = YES;
				CLANG_WARN_OBJC_ROOT_CLASS = YES_ERROR;
				CLANG_WARN_UNREACHABLE_CODE = YES;
				CLANG_WARN__DUPLICATE_METHOD_MATCH = YES;
				COPY_PHASE_STRIP = YES;
				DEBUG_INFORMATION_FORMAT = "dwarf-with-dsym";
				ENABLE_NS_ASSERTIONS = NO;
				ENABLE_STRICT_OBJC_MSGSEND = YES;
				GCC_C_LANGUAGE_STANDARD = gnu99;
				GCC_WARN_64_TO_32_BIT_CONVERSION = YES;
				GCC_WARN_ABOUT_RETURN_TYPE = YES_ERROR;
				GCC_WARN_UNDECLARED_SELECTOR = YES;
				GCC_WARN_UNINITIALIZED_AUTOS = YES_AGGRESSIVE;
				GCC_WARN_UNUSED_FUNCTION = YES;
				GCC_WARN_UNUSED_VARIABLE = YES;
				MACOSX_DEPLOYMENT_TARGET = 10.10;
				MTL_ENABLE_DEBUG_INFO = NO;
				SDKROOT = macosx;
			};
			name = Release;
		};
		A4F7578C1A5AC7E500D2F492 /* Debug */ = {
			isa = XCBuildConfiguration;
			buildSettings = {
				COMBINE_HIDPI_IMAGES = YES;
				INFOPLIST_FILE = Walk/Info.plist;
				INSTALL_PATH = "$(HOME)/Library/Graphics/Quartz Composer Plug-Ins";
				PRODUCT_NAME = "$(TARGET_NAME)";
				WRAPPER_EXTENSION = plugin;
			};
			name = Debug;
		};
		A4F7578D1A5AC7E500D2F492 /* Release */ = {
			isa = XCBuildConfiguration;
			buildSettings = {
				COMBINE_HIDPI_IMAGES = YES;
				INFOPLIST_FILE = Walk/Info.plist;
				INSTALL_PATH = "$(HOME)/Library/Graphics/Quartz Composer Plug-Ins";
				PRODUCT_NAME = "$(TARGET_NAME)";
				WRAPPER_EXTENSION = plugin;
			};
			name = Release;
		};
/* End XCBuildConfiguration section */

/* Begin XCConfigurationList section */
		A4F7577B1A5AC7E500D2F492 /* Build configuration list for PBXProject "Walk" */ = {
			isa = XCConfigurationList;
			buildConfigurations = (
				A4F757891A5AC7E500D2F492 /* Debug */,
				A4F7578A1A5AC7E500D2F492 /* Release */,
			);
			defaultConfigurationIsVisible = 0;
			defaultConfigurationName = Release;
		};
		A4F7578B1A5AC7E500D2F492 /* Build configuration list for PBXNativeTarget "Walk" */ = {
			isa = XCConfigurationList;
			buildConfigurations = (
				A4F7578C1A5AC7E500D2F492 /* Debug */,
				A4F7578D1A5AC7E500D2F492 /* Release */,
			);
			defaultConfigurationIsVisible = 0;
		};
/* End XCConfigurationList section */
	};
	rootObject = A4F757781A5AC7E500D2F492 /* Project object */;
}
