// !$*UTF8*$!
{
	archiveVersion = 1;
	classes = {
	};
	objectVersion = 46;
	objects = {

/* Begin PBXBuildFile section */
		A4CF64CD1A454F0500AC84B6 /* BurstPlugIn.m in Sources */ = {isa = PBXBuildFile; fileRef = A4CF64CC1A454F0500AC84B6 /* BurstPlugIn.m */; };
/* End PBXBuildFile section */

/* Begin PBXFileReference section */
		A4CF64C61A454F0300AC84B6 /* Burst.plugin */ = {isa = PBXFileReference; explicitFileType = wrapper.cfbundle; includeInIndex = 0; path = Burst.plugin; sourceTree = BUILT_PRODUCTS_DIR; };
		A4CF64CA1A454F0400AC84B6 /* Info.plist */ = {isa = PBXFileReference; lastKnownFileType = text.plist.xml; path = Info.plist; sourceTree = "<group>"; };
		A4CF64CB1A454F0500AC84B6 /* BurstPlugIn.h */ = {isa = PBXFileReference; lastKnownFileType = sourcecode.c.h; path = BurstPlugIn.h; sourceTree = "<group>"; };
		A4CF64CC1A454F0500AC84B6 /* BurstPlugIn.m */ = {isa = PBXFileReference; lastKnownFileType = sourcecode.c.objc; path = BurstPlugIn.m; sourceTree = "<group>"; };
/* End PBXFileReference section */

/* Begin PBXFrameworksBuildPhase section */
		A4CF64C21A454F0300AC84B6 /* Frameworks */ = {
			isa = PBXFrameworksBuildPhase;
			buildActionMask = 2147483647;
			files = (
			);
			runOnlyForDeploymentPostprocessing = 0;
		};
/* End PBXFrameworksBuildPhase section */

/* Begin PBXGroup section */
		A4CF64BC1A454F0200AC84B6 = {
			isa = PBXGroup;
			children = (
				A4CF64C81A454F0300AC84B6 /* Burst */,
				A4CF64C71A454F0300AC84B6 /* Products */,
			);
			sourceTree = "<group>";
		};
		A4CF64C71A454F0300AC84B6 /* Products */ = {
			isa = PBXGroup;
			children = (
				A4CF64C61A454F0300AC84B6 /* Burst.plugin */,
			);
			name = Products;
			sourceTree = "<group>";
		};
		A4CF64C81A454F0300AC84B6 /* Burst */ = {
			isa = PBXGroup;
			children = (
				A4CF64CB1A454F0500AC84B6 /* BurstPlugIn.h */,
				A4CF64CC1A454F0500AC84B6 /* BurstPlugIn.m */,
				A4CF64C91A454F0400AC84B6 /* Supporting Files */,
			);
			path = Burst;
			sourceTree = "<group>";
		};
		A4CF64C91A454F0400AC84B6 /* Supporting Files */ = {
			isa = PBXGroup;
			children = (
				A4CF64CA1A454F0400AC84B6 /* Info.plist */,
			);
			name = "Supporting Files";
			sourceTree = "<group>";
		};
/* End PBXGroup section */

/* Begin PBXNativeTarget section */
		A4CF64C51A454F0300AC84B6 /* Burst */ = {
			isa = PBXNativeTarget;
			buildConfigurationList = A4CF64D01A454F0500AC84B6 /* Build configuration list for PBXNativeTarget "Burst" */;
			buildPhases = (
				A4CF64C11A454F0300AC84B6 /* Sources */,
				A4CF64C21A454F0300AC84B6 /* Frameworks */,
				A4CF64C31A454F0300AC84B6 /* Resources */,
				A4CF64C41A454F0300AC84B6 /* ShellScript */,
			);
			buildRules = (
			);
			dependencies = (
			);
			name = Burst;
			productName = Burst;
			productReference = A4CF64C61A454F0300AC84B6 /* Burst.plugin */;
			productType = "com.apple.product-type.bundle";
		};
/* End PBXNativeTarget section */

/* Begin PBXProject section */
		A4CF64BD1A454F0300AC84B6 /* Project object */ = {
			isa = PBXProject;
			attributes = {
				LastUpgradeCheck = 0610;
				ORGANIZATIONNAME = "Koichi MATSUMOTO";
				TargetAttributes = {
					A4CF64C51A454F0300AC84B6 = {
						CreatedOnToolsVersion = 6.1.1;
					};
				};
			};
			buildConfigurationList = A4CF64C01A454F0300AC84B6 /* Build configuration list for PBXProject "Burst" */;
			compatibilityVersion = "Xcode 3.2";
			developmentRegion = English;
			hasScannedForEncodings = 0;
			knownRegions = (
				en,
			);
			mainGroup = A4CF64BC1A454F0200AC84B6;
			productRefGroup = A4CF64C71A454F0300AC84B6 /* Products */;
			projectDirPath = "";
			projectRoot = "";
			targets = (
				A4CF64C51A454F0300AC84B6 /* Burst */,
			);
		};
/* End PBXProject section */

/* Begin PBXResourcesBuildPhase section */
		A4CF64C31A454F0300AC84B6 /* Resources */ = {
			isa = PBXResourcesBuildPhase;
			buildActionMask = 2147483647;
			files = (
			);
			runOnlyForDeploymentPostprocessing = 0;
		};
/* End PBXResourcesBuildPhase section */

/* Begin PBXShellScriptBuildPhase section */
		A4CF64C41A454F0300AC84B6 /* ShellScript */ = {
			isa = PBXShellScriptBuildPhase;
			buildActionMask = 2147483647;
			files = (
			);
			inputPaths = (
			);
			outputPaths = (
			);
			runOnlyForDeploymentPostprocessing = 0;
			shellPath = /bin/sh;
			shellScript = "# This shell script simply copies the built plug-in to \"~/Library/Graphics/Quartz Composer Plug-Ins\" and overrides any previous version at that location\n\nmkdir -p \"$USER_LIBRARY_DIR/Graphics/Quartz Composer Plug-Ins\"\nrm -rf \"$USER_LIBRARY_DIR/Graphics/Quartz Composer Plug-Ins/Burst.plugin\"\ncp -rf \"$BUILT_PRODUCTS_DIR/Burst.plugin\" \"$USER_LIBRARY_DIR/Graphics/Quartz Composer Plug-Ins/\"\n";
		};
/* End PBXShellScriptBuildPhase section */

/* Begin PBXSourcesBuildPhase section */
		A4CF64C11A454F0300AC84B6 /* Sources */ = {
			isa = PBXSourcesBuildPhase;
			buildActionMask = 2147483647;
			files = (
				A4CF64CD1A454F0500AC84B6 /* BurstPlugIn.m in Sources */,
			);
			runOnlyForDeploymentPostprocessing = 0;
		};
/* End PBXSourcesBuildPhase section */

/* Begin XCBuildConfiguration section */
		A4CF64CE1A454F0500AC84B6 /* Debug */ = {
			isa = XCBuildConfiguration;
			buildSettings = {
				ALWAYS_SEARCH_USER_PATHS = NO;
				CLANG_CXX_LANGUAGE_STANDARD = "gnu++0x";
				CLANG_CXX_LIBRARY = "libc++";
				CLANG_ENABLE_MODULES = YES;
				CLANG_ENABLE_OBJC_ARC = YES;
				CLANG_WARN_BOOL_CONVERSION = YES;
				CLANG_WARN_CONSTANT_CONVERSION = YES;
				CLANG_WARN_DIRECT_OBJC_ISA_USAGE = YES_ERROR;
				CLANG_WARN_EMPTY_BODY = YES;
				CLANG_WARN_ENUM_CONVERSION = YES;
				CLANG_WARN_INT_CONVERSION = YES;
				CLANG_WARN_OBJC_ROOT_CLASS = YES_ERROR;
				CLANG_WARN_UNREACHABLE_CODE = YES;
				CLANG_WARN__DUPLICATE_METHOD_MATCH = YES;
				COPY_PHASE_STRIP = NO;
				ENABLE_STRICT_OBJC_MSGSEND = YES;
				GCC_C_LANGUAGE_STANDARD = gnu99;
				GCC_DYNAMIC_NO_PIC = NO;
				GCC_OPTIMIZATION_LEVEL = 0;
				GCC_PREPROCESSOR_DEFINITIONS = (
					"DEBUG=1",
					"$(inherited)",
				);
				GCC_SYMBOLS_PRIVATE_EXTERN = NO;
				GCC_WARN_64_TO_32_BIT_CONVERSION = YES;
				GCC_WARN_ABOUT_RETURN_TYPE = YES_ERROR;
				GCC_WARN_UNDECLARED_SELECTOR = YES;
				GCC_WARN_UNINITIALIZED_AUTOS = YES_AGGRESSIVE;
				GCC_WARN_UNUSED_FUNCTION = YES;
				GCC_WARN_UNUSED_VARIABLE = YES;
				MACOSX_DEPLOYMENT_TARGET = 10.10;
				MTL_ENABLE_DEBUG_INFO = YES;
				ONLY_ACTIVE_ARCH = YES;
				SDKROOT = macosx;
			};
			name = Debug;
		};
		A4CF64CF1A454F0500AC84B6 /* Release */ = {
			isa = XCBuildConfiguration;
			buildSettings = {
				ALWAYS_SEARCH_USER_PATHS = NO;
				CLANG_CXX_LANGUAGE_STANDARD = "gnu++0x";
				CLANG_CXX_LIBRARY = "libc++";
				CLANG_ENABLE_MODULES = YES;
				CLANG_ENABLE_OBJC_ARC = YES;
				CLANG_WARN_BOOL_CONVERSION = YES;
				CLANG_WARN_CONSTANT_CONVERSION = YES;
				CLANG_WARN_DIRECT_OBJC_ISA_USAGE = YES_ERROR;
				CLANG_WARN_EMPTY_BODY = YES;
				CLANG_WARN_ENUM_CONVERSION = YES;
				CLANG_WARN_INT_CONVERSION = YES;
				CLANG_WARN_OBJC_ROOT_CLASS = YES_ERROR;
				CLANG_WARN_UNREACHABLE_CODE = YES;
				CLANG_WARN__DUPLICATE_METHOD_MATCH = YES;
				COPY_PHASE_STRIP = YES;
				DEBUG_INFORMATION_FORMAT = "dwarf-with-dsym";
				ENABLE_NS_ASSERTIONS = NO;
				ENABLE_STRICT_OBJC_MSGSEND = YES;
				GCC_C_LANGUAGE_STANDARD = gnu99;
				GCC_WARN_64_TO_32_BIT_CONVERSION = YES;
				GCC_WARN_ABOUT_RETURN_TYPE = YES_ERROR;
				GCC_WARN_UNDECLARED_SELECTOR = YES;
				GCC_WARN_UNINITIALIZED_AUTOS = YES_AGGRESSIVE;
				GCC_WARN_UNUSED_FUNCTION = YES;
				GCC_WARN_UNUSED_VARIABLE = YES;
				MACOSX_DEPLOYMENT_TARGET = 10.10;
				MTL_ENABLE_DEBUG_INFO = NO;
				SDKROOT = macosx;
			};
			name = Release;
		};
		A4CF64D11A454F0500AC84B6 /* Debug */ = {
			isa = XCBuildConfiguration;
			buildSettings = {
				COMBINE_HIDPI_IMAGES = YES;
				INFOPLIST_FILE = Burst/Info.plist;
				INSTALL_PATH = "$(HOME)/Library/Graphics/Quartz Composer Plug-Ins";
				PRODUCT_NAME = "$(TARGET_NAME)";
				WRAPPER_EXTENSION = plugin;
			};
			name = Debug;
		};
		A4CF64D21A454F0500AC84B6 /* Release */ = {
			isa = XCBuildConfiguration;
			buildSettings = {
				COMBINE_HIDPI_IMAGES = YES;
				INFOPLIST_FILE = Burst/Info.plist;
				INSTALL_PATH = "$(HOME)/Library/Graphics/Quartz Composer Plug-Ins";
				PRODUCT_NAME = "$(TARGET_NAME)";
				WRAPPER_EXTENSION = plugin;
			};
			name = Release;
		};
/* End XCBuildConfiguration section */

/* Begin XCConfigurationList section */
		A4CF64C01A454F0300AC84B6 /* Build configuration list for PBXProject "Burst" */ = {
			isa = XCConfigurationList;
			buildConfigurations = (
				A4CF64CE1A454F0500AC84B6 /* Debug */,
				A4CF64CF1A454F0500AC84B6 /* Release */,
			);
			defaultConfigurationIsVisible = 0;
			defaultConfigurationName = Release;
		};
		A4CF64D01A454F0500AC84B6 /* Build configuration list for PBXNativeTarget "Burst" */ = {
			isa = XCConfigurationList;
			buildConfigurations = (
				A4CF64D11A454F0500AC84B6 /* Debug */,
				A4CF64D21A454F0500AC84B6 /* Release */,
			);
			defaultConfigurationIsVisible = 0;
		};
/* End XCConfigurationList section */
	};
	rootObject = A4CF64BD1A454F0300AC84B6 /* Project object */;
}
