// !$*UTF8*$!
{
	archiveVersion = 1;
	classes = {
	};
	objectVersion = 46;
	objects = {

/* Begin PBXBuildFile section */
		A4B4719B1A5274C20065228C /* Spining_SpritePlugIn.m in Sources */ = {isa = PBXBuildFile; fileRef = A4B4719A1A5274C20065228C /* Spining_SpritePlugIn.m */; };
/* End PBXBuildFile section */

/* Begin PBXFileReference section */
		A4B471941A5274C10065228C /* Spining Sprite.plugin */ = {isa = PBXFileReference; explicitFileType = wrapper.cfbundle; includeInIndex = 0; path = "Spining Sprite.plugin"; sourceTree = BUILT_PRODUCTS_DIR; };
		A4B471981A5274C20065228C /* Info.plist */ = {isa = PBXFileReference; lastKnownFileType = text.plist.xml; path = Info.plist; sourceTree = "<group>"; };
		A4B471991A5274C20065228C /* Spining_SpritePlugIn.h */ = {isa = PBXFileReference; lastKnownFileType = sourcecode.c.h; path = Spining_SpritePlugIn.h; sourceTree = "<group>"; };
		A4B4719A1A5274C20065228C /* Spining_SpritePlugIn.m */ = {isa = PBXFileReference; lastKnownFileType = sourcecode.c.objc; path = Spining_SpritePlugIn.m; sourceTree = "<group>"; };
/* End PBXFileReference section */

/* Begin PBXFrameworksBuildPhase section */
		A4B471901A5274C10065228C /* Frameworks */ = {
			isa = PBXFrameworksBuildPhase;
			buildActionMask = 2147483647;
			files = (
			);
			runOnlyForDeploymentPostprocessing = 0;
		};
/* End PBXFrameworksBuildPhase section */

/* Begin PBXGroup section */
		A4B4718A1A5274C10065228C = {
			isa = PBXGroup;
			children = (
				A4B471961A5274C10065228C /* Spining Sprite */,
				A4B471951A5274C10065228C /* Products */,
			);
			sourceTree = "<group>";
		};
		A4B471951A5274C10065228C /* Products */ = {
			isa = PBXGroup;
			children = (
				A4B471941A5274C10065228C /* Spining Sprite.plugin */,
			);
			name = Products;
			sourceTree = "<group>";
		};
		A4B471961A5274C10065228C /* Spining Sprite */ = {
			isa = PBXGroup;
			children = (
				A4B471991A5274C20065228C /* Spining_SpritePlugIn.h */,
				A4B4719A1A5274C20065228C /* Spining_SpritePlugIn.m */,
				A4B471971A5274C20065228C /* Supporting Files */,
			);
			path = "Spining Sprite";
			sourceTree = "<group>";
		};
		A4B471971A5274C20065228C /* Supporting Files */ = {
			isa = PBXGroup;
			children = (
				A4B471981A5274C20065228C /* Info.plist */,
			);
			name = "Supporting Files";
			sourceTree = "<group>";
		};
/* End PBXGroup section */

/* Begin PBXNativeTarget section */
		A4B471931A5274C10065228C /* Spining Sprite */ = {
			isa = PBXNativeTarget;
			buildConfigurationList = A4B4719E1A5274C20065228C /* Build configuration list for PBXNativeTarget "Spining Sprite" */;
			buildPhases = (
				A4B4718F1A5274C10065228C /* Sources */,
				A4B471901A5274C10065228C /* Frameworks */,
				A4B471911A5274C10065228C /* Resources */,
				A4B471921A5274C10065228C /* ShellScript */,
			);
			buildRules = (
			);
			dependencies = (
			);
			name = "Spining Sprite";
			productName = "Spining Sprite";
			productReference = A4B471941A5274C10065228C /* Spining Sprite.plugin */;
			productType = "com.apple.product-type.bundle";
		};
/* End PBXNativeTarget section */

/* Begin PBXProject section */
		A4B4718B1A5274C10065228C /* Project object */ = {
			isa = PBXProject;
			attributes = {
				LastUpgradeCheck = 0610;
				ORGANIZATIONNAME = "Koichi MATSUMOTO";
				TargetAttributes = {
					A4B471931A5274C10065228C = {
						CreatedOnToolsVersion = 6.1.1;
					};
				};
			};
			buildConfigurationList = A4B4718E1A5274C10065228C /* Build configuration list for PBXProject "Spining Sprite" */;
			compatibilityVersion = "Xcode 3.2";
			developmentRegion = English;
			hasScannedForEncodings = 0;
			knownRegions = (
				en,
			);
			mainGroup = A4B4718A1A5274C10065228C;
			productRefGroup = A4B471951A5274C10065228C /* Products */;
			projectDirPath = "";
			projectRoot = "";
			targets = (
				A4B471931A5274C10065228C /* Spining Sprite */,
			);
		};
/* End PBXProject section */

/* Begin PBXResourcesBuildPhase section */
		A4B471911A5274C10065228C /* Resources */ = {
			isa = PBXResourcesBuildPhase;
			buildActionMask = 2147483647;
			files = (
			);
			runOnlyForDeploymentPostprocessing = 0;
		};
/* End PBXResourcesBuildPhase section */

/* Begin PBXShellScriptBuildPhase section */
		A4B471921A5274C10065228C /* ShellScript */ = {
			isa = PBXShellScriptBuildPhase;
			buildActionMask = 2147483647;
			files = (
			);
			inputPaths = (
			);
			outputPaths = (
			);
			runOnlyForDeploymentPostprocessing = 0;
			shellPath = /bin/sh;
			shellScript = "# This shell script simply copies the built plug-in to \"~/Library/Graphics/Quartz Composer Plug-Ins\" and overrides any previous version at that location\n\nmkdir -p \"$USER_LIBRARY_DIR/Graphics/Quartz Composer Plug-Ins\"\nrm -rf \"$USER_LIBRARY_DIR/Graphics/Quartz Composer Plug-Ins/Spining Sprite.plugin\"\ncp -rf \"$BUILT_PRODUCTS_DIR/Spining Sprite.plugin\" \"$USER_LIBRARY_DIR/Graphics/Quartz Composer Plug-Ins/\"\n";
		};
/* End PBXShellScriptBuildPhase section */

/* Begin PBXSourcesBuildPhase section */
		A4B4718F1A5274C10065228C /* Sources */ = {
			isa = PBXSourcesBuildPhase;
			buildActionMask = 2147483647;
			files = (
				A4B4719B1A5274C20065228C /* Spining_SpritePlugIn.m in Sources */,
			);
			runOnlyForDeploymentPostprocessing = 0;
		};
/* End PBXSourcesBuildPhase section */

/* Begin XCBuildConfiguration section */
		A4B4719C1A5274C20065228C /* Debug */ = {
			isa = XCBuildConfiguration;
			buildSettings = {
				ALWAYS_SEARCH_USER_PATHS = NO;
				CLANG_CXX_LANGUAGE_STANDARD = "gnu++0x";
				CLANG_CXX_LIBRARY = "libc++";
				CLANG_ENABLE_MODULES = YES;
				CLANG_ENABLE_OBJC_ARC = YES;
				CLANG_WARN_BOOL_CONVERSION = YES;
				CLANG_WARN_CONSTANT_CONVERSION = YES;
				CLANG_WARN_DIRECT_OBJC_ISA_USAGE = YES_ERROR;
				CLANG_WARN_EMPTY_BODY = YES;
				CLANG_WARN_ENUM_CONVERSION = YES;
				CLANG_WARN_INT_CONVERSION = YES;
				CLANG_WARN_OBJC_ROOT_CLASS = YES_ERROR;
				CLANG_WARN_UNREACHABLE_CODE = YES;
				CLANG_WARN__DUPLICATE_METHOD_MATCH = YES;
				COPY_PHASE_STRIP = NO;
				ENABLE_STRICT_OBJC_MSGSEND = YES;
				GCC_C_LANGUAGE_STANDARD = gnu99;
				GCC_DYNAMIC_NO_PIC = NO;
				GCC_OPTIMIZATION_LEVEL = 0;
				GCC_PREPROCESSOR_DEFINITIONS = (
					"DEBUG=1",
					"$(inherited)",
				);
				GCC_SYMBOLS_PRIVATE_EXTERN = NO;
				GCC_WARN_64_TO_32_BIT_CONVERSION = YES;
				GCC_WARN_ABOUT_RETURN_TYPE = YES_ERROR;
				GCC_WARN_UNDECLARED_SELECTOR = YES;
				GCC_WARN_UNINITIALIZED_AUTOS = YES_AGGRESSIVE;
				GCC_WARN_UNUSED_FUNCTION = YES;
				GCC_WARN_UNUSED_VARIABLE = YES;
				MACOSX_DEPLOYMENT_TARGET = 10.10;
				MTL_ENABLE_DEBUG_INFO = YES;
				ONLY_ACTIVE_ARCH = YES;
				SDKROOT = macosx;
			};
			name = Debug;
		};
		A4B4719D1A5274C20065228C /* Release */ = {
			isa = XCBuildConfiguration;
			buildSettings = {
				ALWAYS_SEARCH_USER_PATHS = NO;
				CLANG_CXX_LANGUAGE_STANDARD = "gnu++0x";
				CLANG_CXX_LIBRARY = "libc++";
				CLANG_ENABLE_MODULES = YES;
				CLANG_ENABLE_OBJC_ARC = YES;
				CLANG_WARN_BOOL_CONVERSION = YES;
				CLANG_WARN_CONSTANT_CONVERSION = YES;
				CLANG_WARN_DIRECT_OBJC_ISA_USAGE = YES_ERROR;
				CLANG_WARN_EMPTY_BODY = YES;
				CLANG_WARN_ENUM_CONVERSION = YES;
				CLANG_WARN_INT_CONVERSION = YES;
				CLANG_WARN_OBJC_ROOT_CLASS = YES_ERROR;
				CLANG_WARN_UNREACHABLE_CODE = YES;
				CLANG_WARN__DUPLICATE_METHOD_MATCH = YES;
				COPY_PHASE_STRIP = YES;
				DEBUG_INFORMATION_FORMAT = "dwarf-with-dsym";
				ENABLE_NS_ASSERTIONS = NO;
				ENABLE_STRICT_OBJC_MSGSEND = YES;
				GCC_C_LANGUAGE_STANDARD = gnu99;
				GCC_WARN_64_TO_32_BIT_CONVERSION = YES;
				GCC_WARN_ABOUT_RETURN_TYPE = YES_ERROR;
				GCC_WARN_UNDECLARED_SELECTOR = YES;
				GCC_WARN_UNINITIALIZED_AUTOS = YES_AGGRESSIVE;
				GCC_WARN_UNUSED_FUNCTION = YES;
				GCC_WARN_UNUSED_VARIABLE = YES;
				MACOSX_DEPLOYMENT_TARGET = 10.10;
				MTL_ENABLE_DEBUG_INFO = NO;
				SDKROOT = macosx;
			};
			name = Release;
		};
		A4B4719F1A5274C20065228C /* Debug */ = {
			isa = XCBuildConfiguration;
			buildSettings = {
				COMBINE_HIDPI_IMAGES = YES;
				INFOPLIST_FILE = "Spining Sprite/Info.plist";
				INSTALL_PATH = "$(HOME)/Library/Graphics/Quartz Composer Plug-Ins";
				PRODUCT_NAME = "$(TARGET_NAME)";
				WRAPPER_EXTENSION = plugin;
			};
			name = Debug;
		};
		A4B471A01A5274C20065228C /* Release */ = {
			isa = XCBuildConfiguration;
			buildSettings = {
				COMBINE_HIDPI_IMAGES = YES;
				INFOPLIST_FILE = "Spining Sprite/Info.plist";
				INSTALL_PATH = "$(HOME)/Library/Graphics/Quartz Composer Plug-Ins";
				PRODUCT_NAME = "$(TARGET_NAME)";
				WRAPPER_EXTENSION = plugin;
			};
			name = Release;
		};
/* End XCBuildConfiguration section */

/* Begin XCConfigurationList section */
		A4B4718E1A5274C10065228C /* Build configuration list for PBXProject "Spining Sprite" */ = {
			isa = XCConfigurationList;
			buildConfigurations = (
				A4B4719C1A5274C20065228C /* Debug */,
				A4B4719D1A5274C20065228C /* Release */,
			);
			defaultConfigurationIsVisible = 0;
			defaultConfigurationName = Release;
		};
		A4B4719E1A5274C20065228C /* Build configuration list for PBXNativeTarget "Spining Sprite" */ = {
			isa = XCConfigurationList;
			buildConfigurations = (
				A4B4719F1A5274C20065228C /* Debug */,
				A4B471A01A5274C20065228C /* Release */,
			);
			defaultConfigurationIsVisible = 0;
		};
/* End XCConfigurationList section */
	};
	rootObject = A4B4718B1A5274C10065228C /* Project object */;
}
